// !$*UTF8*$!
{
	archiveVersion = 1;
	classes = {
	};
	objectVersion = 46;
	objects = {

/* Begin PBXBuildFile section */
		9F5610DC1ED5836D00000FF3 /* NSDate+TFDate.m in Sources */ = {isa = PBXBuildFile; fileRef = 9F5610DB1ED5836D00000FF3 /* NSDate+TFDate.m */; };
		9F6EE9F51ED276460016CB6E /* main.m in Sources */ = {isa = PBXBuildFile; fileRef = 9F6EE9F41ED276460016CB6E /* main.m */; };
		9F6EE9F81ED276460016CB6E /* AppDelegate.m in Sources */ = {isa = PBXBuildFile; fileRef = 9F6EE9F71ED276460016CB6E /* AppDelegate.m */; };
		9F6EE9FB1ED276460016CB6E /* ViewController.m in Sources */ = {isa = PBXBuildFile; fileRef = 9F6EE9FA1ED276460016CB6E /* ViewController.m */; };
		9F6EE9FE1ED276460016CB6E /* Main.storyboard in Resources */ = {isa = PBXBuildFile; fileRef = 9F6EE9FC1ED276460016CB6E /* Main.storyboard */; };
		9F6EEA001ED276460016CB6E /* Assets.xcassets in Resources */ = {isa = PBXBuildFile; fileRef = 9F6EE9FF1ED276460016CB6E /* Assets.xcassets */; };
		9F6EEA031ED276460016CB6E /* LaunchScreen.storyboard in Resources */ = {isa = PBXBuildFile; fileRef = 9F6EEA011ED276460016CB6E /* LaunchScreen.storyboard */; };
		9F6EEA0C1ED2785F0016CB6E /* HealthKit.framework in Frameworks */ = {isa = PBXBuildFile; fileRef = 9F6EEA0B1ED2785F0016CB6E /* HealthKit.framework */; };
		9F6EEA161ED2D29A0016CB6E /* TFHealthManager.m in Sources */ = {isa = PBXBuildFile; fileRef = 9F6EEA151ED2D29A0016CB6E /* TFHealthManager.m */; };
		9F7822841EEA3B820085E2B6 /* HealthKitDetailViewController.m in Sources */ = {isa = PBXBuildFile; fileRef = 9F7822821EEA3B820085E2B6 /* HealthKitDetailViewController.m */; };
		9F7822851EEA3B820085E2B6 /* HealthKitDetailViewController.xib in Resources */ = {isa = PBXBuildFile; fileRef = 9F7822831EEA3B820085E2B6 /* HealthKitDetailViewController.xib */; };
/* End PBXBuildFile section */

/* Begin PBXFileReference section */
		9F5610DA1ED5836D00000FF3 /* NSDate+TFDate.h */ = {isa = PBXFileReference; fileEncoding = 4; lastKnownFileType = sourcecode.c.h; path = "NSDate+TFDate.h"; sourceTree = "<group>"; };
		9F5610DB1ED5836D00000FF3 /* NSDate+TFDate.m */ = {isa = PBXFileReference; fileEncoding = 4; lastKnownFileType = sourcecode.c.objc; path = "NSDate+TFDate.m"; sourceTree = "<group>"; };
		9F6EE9F01ED276460016CB6E /* healthKit.app */ = {isa = PBXFileReference; explicitFileType = wrapper.application; includeInIndex = 0; path = healthKit.app; sourceTree = BUILT_PRODUCTS_DIR; };
		9F6EE9F41ED276460016CB6E /* main.m */ = {isa = PBXFileReference; lastKnownFileType = sourcecode.c.objc; path = main.m; sourceTree = "<group>"; };
		9F6EE9F61ED276460016CB6E /* AppDelegate.h */ = {isa = PBXFileReference; lastKnownFileType = sourcecode.c.h; path = AppDelegate.h; sourceTree = "<group>"; };
		9F6EE9F71ED276460016CB6E /* AppDelegate.m */ = {isa = PBXFileReference; lastKnownFileType = sourcecode.c.objc; path = AppDelegate.m; sourceTree = "<group>"; };
		9F6EE9F91ED276460016CB6E /* ViewController.h */ = {isa = PBXFileReference; lastKnownFileType = sourcecode.c.h; path = ViewController.h; sourceTree = "<group>"; };
		9F6EE9FA1ED276460016CB6E /* ViewController.m */ = {isa = PBXFileReference; lastKnownFileType = sourcecode.c.objc; path = ViewController.m; sourceTree = "<group>"; };
		9F6EE9FD1ED276460016CB6E /* Base */ = {isa = PBXFileReference; lastKnownFileType = file.storyboard; name = Base; path = Base.lproj/Main.storyboard; sourceTree = "<group>"; };
		9F6EE9FF1ED276460016CB6E /* Assets.xcassets */ = {isa = PBXFileReference; lastKnownFileType = folder.assetcatalog; path = Assets.xcassets; sourceTree = "<group>"; };
		9F6EEA021ED276460016CB6E /* Base */ = {isa = PBXFileReference; lastKnownFileType = file.storyboard; name = Base; path = Base.lproj/LaunchScreen.storyboard; sourceTree = "<group>"; };
		9F6EEA041ED276460016CB6E /* Info.plist */ = {isa = PBXFileReference; lastKnownFileType = text.plist.xml; path = Info.plist; sourceTree = "<group>"; };
		9F6EEA0B1ED2785F0016CB6E /* HealthKit.framework */ = {isa = PBXFileReference; lastKnownFileType = wrapper.framework; name = HealthKit.framework; path = System/Library/Frameworks/HealthKit.framework; sourceTree = SDKROOT; };
		9F6EEA0D1ED2785F0016CB6E /* healthKit.entitlements */ = {isa = PBXFileReference; lastKnownFileType = text.plist.entitlements; path = healthKit.entitlements; sourceTree = "<group>"; };
		9F6EEA141ED2D29A0016CB6E /* TFHealthManager.h */ = {isa = PBXFileReference; fileEncoding = 4; lastKnownFileType = sourcecode.c.h; path = TFHealthManager.h; sourceTree = "<group>"; };
		9F6EEA151ED2D29A0016CB6E /* TFHealthManager.m */ = {isa = PBXFileReference; fileEncoding = 4; lastKnownFileType = sourcecode.c.objc; path = TFHealthManager.m; sourceTree = "<group>"; };
		9F7822811EEA3B820085E2B6 /* HealthKitDetailViewController.h */ = {isa = PBXFileReference; fileEncoding = 4; lastKnownFileType = sourcecode.c.h; path = HealthKitDetailViewController.h; sourceTree = "<group>"; };
		9F7822821EEA3B820085E2B6 /* HealthKitDetailViewController.m */ = {isa = PBXFileReference; fileEncoding = 4; lastKnownFileType = sourcecode.c.objc; path = HealthKitDetailViewController.m; sourceTree = "<group>"; };
		9F7822831EEA3B820085E2B6 /* HealthKitDetailViewController.xib */ = {isa = PBXFileReference; fileEncoding = 4; lastKnownFileType = file.xib; path = HealthKitDetailViewController.xib; sourceTree = "<group>"; };
/* End PBXFileReference section */

/* Begin PBXFrameworksBuildPhase section */
		9F6EE9ED1ED276460016CB6E /* Frameworks */ = {
			isa = PBXFrameworksBuildPhase;
			buildActionMask = 2147483647;
			files = (
				9F6EEA0C1ED2785F0016CB6E /* HealthKit.framework in Frameworks */,
			);
			runOnlyForDeploymentPostprocessing = 0;
		};
/* End PBXFrameworksBuildPhase section */

/* Begin PBXGroup section */
		9F5610D91ED5836D00000FF3 /* Date */ = {
			isa = PBXGroup;
			children = (
				9F5610DA1ED5836D00000FF3 /* NSDate+TFDate.h */,
				9F5610DB1ED5836D00000FF3 /* NSDate+TFDate.m */,
			);
			path = Date;
			sourceTree = "<group>";
		};
		9F6EE9E71ED276460016CB6E = {
			isa = PBXGroup;
			children = (
				9F6EE9F21ED276460016CB6E /* healthKit */,
				9F6EE9F11ED276460016CB6E /* Products */,
				9F6EEA0A1ED2785F0016CB6E /* Frameworks */,
			);
			sourceTree = "<group>";
		};
		9F6EE9F11ED276460016CB6E /* Products */ = {
			isa = PBXGroup;
			children = (
				9F6EE9F01ED276460016CB6E /* healthKit.app */,
			);
			name = Products;
			sourceTree = "<group>";
		};
		9F6EE9F21ED276460016CB6E /* healthKit */ = {
			isa = PBXGroup;
			children = (
				9F6EEA131ED2D2710016CB6E /* Tool */,
				9F6EEA0D1ED2785F0016CB6E /* healthKit.entitlements */,
				9F6EE9F61ED276460016CB6E /* AppDelegate.h */,
				9F6EE9F71ED276460016CB6E /* AppDelegate.m */,
				9F6EE9F91ED276460016CB6E /* ViewController.h */,
				9F6EE9FA1ED276460016CB6E /* ViewController.m */,
				9F7822811EEA3B820085E2B6 /* HealthKitDetailViewController.h */,
				9F7822821EEA3B820085E2B6 /* HealthKitDetailViewController.m */,
				9F7822831EEA3B820085E2B6 /* HealthKitDetailViewController.xib */,
				9F6EE9FC1ED276460016CB6E /* Main.storyboard */,
				9F6EE9FF1ED276460016CB6E /* Assets.xcassets */,
				9F6EEA011ED276460016CB6E /* LaunchScreen.storyboard */,
				9F6EEA041ED276460016CB6E /* Info.plist */,
				9F6EE9F31ED276460016CB6E /* Supporting Files */,
			);
			path = healthKit;
			sourceTree = "<group>";
		};
		9F6EE9F31ED276460016CB6E /* Supporting Files */ = {
			isa = PBXGroup;
			children = (
				9F6EE9F41ED276460016CB6E /* main.m */,
			);
			name = "Supporting Files";
			sourceTree = "<group>";
		};
		9F6EEA0A1ED2785F0016CB6E /* Frameworks */ = {
			isa = PBXGroup;
			children = (
				9F6EEA0B1ED2785F0016CB6E /* HealthKit.framework */,
			);
			name = Frameworks;
			sourceTree = "<group>";
		};
		9F6EEA131ED2D2710016CB6E /* Tool */ = {
			isa = PBXGroup;
			children = (
				9F5610D91ED5836D00000FF3 /* Date */,
				9F6EEA141ED2D29A0016CB6E /* TFHealthManager.h */,
				9F6EEA151ED2D29A0016CB6E /* TFHealthManager.m */,
			);
			path = Tool;
			sourceTree = "<group>";
		};
/* End PBXGroup section */

/* Begin PBXNativeTarget section */
		9F6EE9EF1ED276460016CB6E /* healthKit */ = {
			isa = PBXNativeTarget;
			buildConfigurationList = 9F6EEA071ED276460016CB6E /* Build configuration list for PBXNativeTarget "healthKit" */;
			buildPhases = (
				9F6EE9EC1ED276460016CB6E /* Sources */,
				9F6EE9ED1ED276460016CB6E /* Frameworks */,
				9F6EE9EE1ED276460016CB6E /* Resources */,
			);
			buildRules = (
			);
			dependencies = (
			);
			name = healthKit;
			productName = healthKit;
			productReference = 9F6EE9F01ED276460016CB6E /* healthKit.app */;
			productType = "com.apple.product-type.application";
		};
/* End PBXNativeTarget section */

/* Begin PBXProject section */
		9F6EE9E81ED276460016CB6E /* Project object */ = {
			isa = PBXProject;
			attributes = {
				LastUpgradeCheck = 0810;
				ORGANIZATIONNAME = Apple;
				TargetAttributes = {
					9F6EE9EF1ED276460016CB6E = {
						CreatedOnToolsVersion = 8.1;
						DevelopmentTeam = ER26K66B7Q;
						ProvisioningStyle = Automatic;
						SystemCapabilities = {
							com.apple.HealthKit = {
								enabled = 1;
							};
						};
					};
				};
			};
			buildConfigurationList = 9F6EE9EB1ED276460016CB6E /* Build configuration list for PBXProject "healthKit" */;
			compatibilityVersion = "Xcode 3.2";
			developmentRegion = English;
			hasScannedForEncodings = 0;
			knownRegions = (
				en,
				Base,
			);
			mainGroup = 9F6EE9E71ED276460016CB6E;
			productRefGroup = 9F6EE9F11ED276460016CB6E /* Products */;
			projectDirPath = "";
			projectRoot = "";
			targets = (
				9F6EE9EF1ED276460016CB6E /* healthKit */,
			);
		};
/* End PBXProject section */

/* Begin PBXResourcesBuildPhase section */
		9F6EE9EE1ED276460016CB6E /* Resources */ = {
			isa = PBXResourcesBuildPhase;
			buildActionMask = 2147483647;
			files = (
				9F6EEA031ED276460016CB6E /* LaunchScreen.storyboard in Resources */,
				9F6EEA001ED276460016CB6E /* Assets.xcassets in Resources */,
				9F7822851EEA3B820085E2B6 /* HealthKitDetailViewController.xib in Resources */,
				9F6EE9FE1ED276460016CB6E /* Main.storyboard in Resources */,
			);
			runOnlyForDeploymentPostprocessing = 0;
		};
/* End PBXResourcesBuildPhase section */

/* Begin PBXSourcesBuildPhase section */
		9F6EE9EC1ED276460016CB6E /* Sources */ = {
			isa = PBXSourcesBuildPhase;
			buildActionMask = 2147483647;
			files = (
				9F6EE9FB1ED276460016CB6E /* ViewController.m in Sources */,
				9F6EE9F81ED276460016CB6E /* AppDelegate.m in Sources */,
				9F7822841EEA3B820085E2B6 /* HealthKitDetailViewController.m in Sources */,
				9F6EE9F51ED276460016CB6E /* main.m in Sources */,
				9F5610DC1ED5836D00000FF3 /* NSDate+TFDate.m in Sources */,
				9F6EEA161ED2D29A0016CB6E /* TFHealthManager.m in Sources */,
			);
			runOnlyForDeploymentPostprocessing = 0;
		};
/* End PBXSourcesBuildPhase section */

/* Begin PBXVariantGroup section */
		9F6EE9FC1ED276460016CB6E /* Main.storyboard */ = {
			isa = PBXVariantGroup;
			children = (
				9F6EE9FD1ED276460016CB6E /* Base */,
			);
			name = Main.storyboard;
			sourceTree = "<group>";
		};
		9F6EEA011ED276460016CB6E /* LaunchScreen.storyboard */ = {
			isa = PBXVariantGroup;
			children = (
				9F6EEA021ED276460016CB6E /* Base */,
			);
			name = LaunchScreen.storyboard;
			sourceTree = "<group>";
		};
/* End PBXVariantGroup section */

/* Begin XCBuildConfiguration section */
		9F6EEA051ED276460016CB6E /* Debug */ = {
			isa = XCBuildConfiguration;
			buildSettings = {
				ALWAYS_SEARCH_USER_PATHS = NO;
				CLANG_ANALYZER_NONNULL = YES;
				CLANG_CXX_LANGUAGE_STANDARD = "gnu++0x";
				CLANG_CXX_LIBRARY = "libc++";
				CLANG_ENABLE_MODULES = YES;
				CLANG_ENABLE_OBJC_ARC = YES;
				CLANG_WARN_BOOL_CONVERSION = YES;
				CLANG_WARN_CONSTANT_CONVERSION = YES;
				CLANG_WARN_DIRECT_OBJC_ISA_USAGE = YES_ERROR;
				CLANG_WARN_DOCUMENTATION_COMMENTS = YES;
				CLANG_WARN_EMPTY_BODY = YES;
				CLANG_WARN_ENUM_CONVERSION = YES;
				CLANG_WARN_INFINITE_RECURSION = YES;
				CLANG_WARN_INT_CONVERSION = YES;
				CLANG_WARN_OBJC_ROOT_CLASS = YES_ERROR;
				CLANG_WARN_SUSPICIOUS_MOVES = YES;
				CLANG_WARN_UNREACHABLE_CODE = YES;
				CLANG_WARN__DUPLICATE_METHOD_MATCH = YES;
				"CODE_SIGN_IDENTITY[sdk=iphoneos*]" = "iPhone Developer";
				COPY_PHASE_STRIP = NO;
				DEBUG_INFORMATION_FORMAT = dwarf;
				ENABLE_STRICT_OBJC_MSGSEND = YES;
				ENABLE_TESTABILITY = YES;
				GCC_C_LANGUAGE_STANDARD = gnu99;
				GCC_DYNAMIC_NO_PIC = NO;
				GCC_NO_COMMON_BLOCKS = YES;
				GCC_OPTIMIZATION_LEVEL = 0;
				GCC_PREPROCESSOR_DEFINITIONS = (
					"DEBUG=1",
					"$(inherited)",
				);
				GCC_WARN_64_TO_32_BIT_CONVERSION = YES;
				GCC_WARN_ABOUT_RETURN_TYPE = YES_ERROR;
				GCC_WARN_UNDECLARED_SELECTOR = YES;
				GCC_WARN_UNINITIALIZED_AUTOS = YES_AGGRESSIVE;
				GCC_WARN_UNUSED_FUNCTION = YES;
				GCC_WARN_UNUSED_VARIABLE = YES;
				IPHONEOS_DEPLOYMENT_TARGET = 10.1;
				MTL_ENABLE_DEBUG_INFO = YES;
				ONLY_ACTIVE_ARCH = YES;
				SDKROOT = iphoneos;
				TARGETED_DEVICE_FAMILY = "1,2";
			};
			name = Debug;
		};
		9F6EEA061ED276460016CB6E /* Release */ = {
			isa = XCBuildConfiguration;
			buildSettings = {
				ALWAYS_SEARCH_USER_PATHS = NO;
				CLANG_ANALYZER_NONNULL = YES;
				CLANG_CXX_LANGUAGE_STANDARD = "gnu++0x";
				CLANG_CXX_LIBRARY = "libc++";
				CLANG_ENABLE_MODULES = YES;
				CLANG_ENABLE_OBJC_ARC = YES;
				CLANG_WARN_BOOL_CONVERSION = YES;
				CLANG_WARN_CONSTANT_CONVERSION = YES;
				CLANG_WARN_DIRECT_OBJC_ISA_USAGE = YES_ERROR;
				CLANG_WARN_DOCUMENTATION_COMMENTS = YES;
				CLANG_WARN_EMPTY_BODY = YES;
				CLANG_WARN_ENUM_CONVERSION = YES;
				CLANG_WARN_INFINITE_RECURSION = YES;
				CLANG_WARN_INT_CONVERSION = YES;
				CLANG_WARN_OBJC_ROOT_CLASS = YES_ERROR;
				CLANG_WARN_SUSPICIOUS_MOVES = YES;
				CLANG_WARN_UNREACHABLE_CODE = YES;
				CLANG_WARN__DUPLICATE_METHOD_MATCH = YES;
				"CODE_SIGN_IDENTITY[sdk=iphoneos*]" = "iPhone Developer";
				COPY_PHASE_STRIP = NO;
				DEBUG_INFORMATION_FORMAT = "dwarf-with-dsym";
				ENABLE_NS_ASSERTIONS = NO;
				ENABLE_STRICT_OBJC_MSGSEND = YES;
				GCC_C_LANGUAGE_STANDARD = gnu99;
				GCC_NO_COMMON_BLOCKS = YES;
				GCC_WARN_64_TO_32_BIT_CONVERSION = YES;
				GCC_WARN_ABOUT_RETURN_TYPE = YES_ERROR;
				GCC_WARN_UNDECLARED_SELECTOR = YES;
				GCC_WARN_UNINITIALIZED_AUTOS = YES_AGGRESSIVE;
				GCC_WARN_UNUSED_FUNCTION = YES;
				GCC_WARN_UNUSED_VARIABLE = YES;
				IPHONEOS_DEPLOYMENT_TARGET = 10.1;
				MTL_ENABLE_DEBUG_INFO = NO;
				SDKROOT = iphoneos;
				TARGETED_DEVICE_FAMILY = "1,2";
				VALIDATE_PRODUCT = YES;
			};
			name = Release;
		};
		9F6EEA081ED276460016CB6E /* Debug */ = {
			isa = XCBuildConfiguration;
			buildSettings = {
				ASSETCATALOG_COMPILER_APPICON_NAME = AppIcon;
				CODE_SIGN_ENTITLEMENTS = healthKit/healthKit.entitlements;
				DEVELOPMENT_TEAM = ER26K66B7Q;
				INFOPLIST_FILE = healthKit/Info.plist;
				IPHONEOS_DEPLOYMENT_TARGET = 9.0;
				LD_RUNPATH_SEARCH_PATHS = "$(inherited) @executable_path/Frameworks";
				PRODUCT_BUNDLE_IDENTIFIER = LF.healthKit;
				PRODUCT_NAME = "$(TARGET_NAME)";
			};
			name = Debug;
		};
		9F6EEA091ED276460016CB6E /* Release */ = {
			isa = XCBuildConfiguration;
			buildSettings = {
				ASSETCATALOG_COMPILER_APPICON_NAME = AppIcon;
				CODE_SIGN_ENTITLEMENTS = healthKit/healthKit.entitlements;
				DEVELOPMENT_TEAM = ER26K66B7Q;
				INFOPLIST_FILE = healthKit/Info.plist;
				IPHONEOS_DEPLOYMENT_TARGET = 9.0;
				LD_RUNPATH_SEARCH_PATHS = "$(inherited) @executable_path/Frameworks";
				PRODUCT_BUNDLE_IDENTIFIER = LF.healthKit;
				PRODUCT_NAME = "$(TARGET_NAME)";
			};
			name = Release;
		};
/* End XCBuildConfiguration section */

/* Begin XCConfigurationList section */
		9F6EE9EB1ED276460016CB6E /* Build configuration list for PBXProject "healthKit" */ = {
			isa = XCConfigurationList;
			buildConfigurations = (
				9F6EEA051ED276460016CB6E /* Debug */,
				9F6EEA061ED276460016CB6E /* Release */,
			);
			defaultConfigurationIsVisible = 0;
			defaultConfigurationName = Release;
		};
		9F6EEA071ED276460016CB6E /* Build configuration list for PBXNativeTarget "healthKit" */ = {
			isa = XCConfigurationList;
			buildConfigurations = (
				9F6EEA081ED276460016CB6E /* Debug */,
				9F6EEA091ED276460016CB6E /* Release */,
			);
			defaultConfigurationIsVisible = 0;
			defaultConfigurationName = Release;
		};
/* End XCConfigurationList section */
	};
	rootObject = 9F6EE9E81ED276460016CB6E /* Project object */;
}
